// !$*UTF8*$!
{
	archiveVersion = 1;
	classes = {
	};
	objectVersion = 77;
	objects = {

/* Begin PBXBuildFile section */
		94052BF42CD75355006D2E15 /* GoogleService-Info.plist in Resources */ = {isa = PBXBuildFile; fileRef = 94052BF32CD75355006D2E15 /* GoogleService-Info.plist */; };
		94052BF72CD753AE006D2E15 /* FirebaseCore in Frameworks */ = {isa = PBXBuildFile; productRef = 94052BF62CD753AE006D2E15 /* FirebaseCore */; };
		94052BF92CD753AE006D2E15 /* FirebaseDatabase in Frameworks */ = {isa = PBXBuildFile; productRef = 94052BF82CD753AE006D2E15 /* FirebaseDatabase */; };
		94052BFB2CD753AE006D2E15 /* FirebaseFirestore in Frameworks */ = {isa = PBXBuildFile; productRef = 94052BFA2CD753AE006D2E15 /* FirebaseFirestore */; };
		94052BFD2CD753AE006D2E15 /* FirebaseFirestoreCombine-Community in Frameworks */ = {isa = PBXBuildFile; productRef = 94052BFC2CD753AE006D2E15 /* FirebaseFirestoreCombine-Community */; };
		94052BFF2CD753AE006D2E15 /* FirebaseFunctions in Frameworks */ = {isa = PBXBuildFile; productRef = 94052BFE2CD753AE006D2E15 /* FirebaseFunctions */; };
		94052C012CD753AE006D2E15 /* FirebaseStorage in Frameworks */ = {isa = PBXBuildFile; productRef = 94052C002CD753AE006D2E15 /* FirebaseStorage */; };
		94052C032CD753AE006D2E15 /* FirebaseStorageCombine-Community in Frameworks */ = {isa = PBXBuildFile; productRef = 94052C022CD753AE006D2E15 /* FirebaseStorageCombine-Community */; };
		944AA2962CCC39DB00957CDC /* Localizable.xcstrings in Resources */ = {isa = PBXBuildFile; fileRef = 944AA2952CCC39DB00957CDC /* Localizable.xcstrings */; };
/* End PBXBuildFile section */

/* Begin PBXContainerItemProxy section */
		BDF7FF1C2CC4E86900518D46 /* PBXContainerItemProxy */ = {
			isa = PBXContainerItemProxy;
			containerPortal = BDF7FEFF2CC4E86700518D46 /* Project object */;
			proxyType = 1;
			remoteGlobalIDString = BDF7FF062CC4E86700518D46;
			remoteInfo = Tajanb;
		};
		BDF7FF262CC4E86900518D46 /* PBXContainerItemProxy */ = {
			isa = PBXContainerItemProxy;
			containerPortal = BDF7FEFF2CC4E86700518D46 /* Project object */;
			proxyType = 1;
			remoteGlobalIDString = BDF7FF062CC4E86700518D46;
			remoteInfo = Tajanb;
		};
/* End PBXContainerItemProxy section */

/* Begin PBXFileReference section */
		94052BF32CD75355006D2E15 /* GoogleService-Info.plist */ = {isa = PBXFileReference; lastKnownFileType = text.plist.xml; path = "GoogleService-Info.plist"; sourceTree = "<group>"; };
		944AA2952CCC39DB00957CDC /* Localizable.xcstrings */ = {isa = PBXFileReference; lastKnownFileType = text.json.xcstrings; path = Localizable.xcstrings; sourceTree = "<group>"; };
		BDF7FF072CC4E86700518D46 /* Tajanb.app */ = {isa = PBXFileReference; explicitFileType = wrapper.application; includeInIndex = 0; path = Tajanb.app; sourceTree = BUILT_PRODUCTS_DIR; };
		BDF7FF1B2CC4E86900518D46 /* TajanbTests.xctest */ = {isa = PBXFileReference; explicitFileType = wrapper.cfbundle; includeInIndex = 0; path = TajanbTests.xctest; sourceTree = BUILT_PRODUCTS_DIR; };
		BDF7FF252CC4E86900518D46 /* TajanbUITests.xctest */ = {isa = PBXFileReference; explicitFileType = wrapper.cfbundle; includeInIndex = 0; path = TajanbUITests.xctest; sourceTree = BUILT_PRODUCTS_DIR; };
/* End PBXFileReference section */

/* Begin PBXFileSystemSynchronizedBuildFileExceptionSet section */
		BDF7FF2D2CC4E86900518D46 /* Exceptions for "Tajanb" folder in "Tajanb" target */ = {
			isa = PBXFileSystemSynchronizedBuildFileExceptionSet;
			membershipExceptions = (
				Info.plist,
			);
			target = BDF7FF062CC4E86700518D46 /* Tajanb */;
		};
/* End PBXFileSystemSynchronizedBuildFileExceptionSet section */

/* Begin PBXFileSystemSynchronizedRootGroup section */
		BDF7FF092CC4E86700518D46 /* Tajanb */ = {
			isa = PBXFileSystemSynchronizedRootGroup;
			exceptions = (
				BDF7FF2D2CC4E86900518D46 /* Exceptions for "Tajanb" folder in "Tajanb" target */,
			);
			path = Tajanb;
			sourceTree = "<group>";
		};
		BDF7FF1E2CC4E86900518D46 /* TajanbTests */ = {
			isa = PBXFileSystemSynchronizedRootGroup;
			path = TajanbTests;
			sourceTree = "<group>";
		};
		BDF7FF282CC4E86900518D46 /* TajanbUITests */ = {
			isa = PBXFileSystemSynchronizedRootGroup;
			path = TajanbUITests;
			sourceTree = "<group>";
		};
/* End PBXFileSystemSynchronizedRootGroup section */

/* Begin PBXFrameworksBuildPhase section */
		BDF7FF042CC4E86700518D46 /* Frameworks */ = {
			isa = PBXFrameworksBuildPhase;
			buildActionMask = 2147483647;
			files = (
				94052BF92CD753AE006D2E15 /* FirebaseDatabase in Frameworks */,
				94052C032CD753AE006D2E15 /* FirebaseStorageCombine-Community in Frameworks */,
				94052BFD2CD753AE006D2E15 /* FirebaseFirestoreCombine-Community in Frameworks */,
				94052BFF2CD753AE006D2E15 /* FirebaseFunctions in Frameworks */,
				94052BF72CD753AE006D2E15 /* FirebaseCore in Frameworks */,
				94052BFB2CD753AE006D2E15 /* FirebaseFirestore in Frameworks */,
				94052C012CD753AE006D2E15 /* FirebaseStorage in Frameworks */,
			);
			runOnlyForDeploymentPostprocessing = 0;
		};
		BDF7FF182CC4E86900518D46 /* Frameworks */ = {
			isa = PBXFrameworksBuildPhase;
			buildActionMask = 2147483647;
			files = (
			);
			runOnlyForDeploymentPostprocessing = 0;
		};
		BDF7FF222CC4E86900518D46 /* Frameworks */ = {
			isa = PBXFrameworksBuildPhase;
			buildActionMask = 2147483647;
			files = (
			);
			runOnlyForDeploymentPostprocessing = 0;
		};
/* End PBXFrameworksBuildPhase section */

/* Begin PBXGroup section */
		94052C042CD7629E006D2E15 /* Frameworks */ = {
			isa = PBXGroup;
			children = (
			);
			name = Frameworks;
			sourceTree = "<group>";
		};
		BDF7FEFE2CC4E86700518D46 = {
			isa = PBXGroup;
			children = (
				94052BF32CD75355006D2E15 /* GoogleService-Info.plist */,
				944AA2952CCC39DB00957CDC /* Localizable.xcstrings */,
				BDF7FF092CC4E86700518D46 /* Tajanb */,
				BDF7FF1E2CC4E86900518D46 /* TajanbTests */,
				BDF7FF282CC4E86900518D46 /* TajanbUITests */,
				94052C042CD7629E006D2E15 /* Frameworks */,
				BDF7FF082CC4E86700518D46 /* Products */,
			);
			sourceTree = "<group>";
		};
		BDF7FF082CC4E86700518D46 /* Products */ = {
			isa = PBXGroup;
			children = (
				BDF7FF072CC4E86700518D46 /* Tajanb.app */,
				BDF7FF1B2CC4E86900518D46 /* TajanbTests.xctest */,
				BDF7FF252CC4E86900518D46 /* TajanbUITests.xctest */,
			);
			name = Products;
			sourceTree = "<group>";
		};
/* End PBXGroup section */

/* Begin PBXNativeTarget section */
		BDF7FF062CC4E86700518D46 /* Tajanb */ = {
			isa = PBXNativeTarget;
			buildConfigurationList = BDF7FF2E2CC4E86900518D46 /* Build configuration list for PBXNativeTarget "Tajanb" */;
			buildPhases = (
				BDF7FF032CC4E86700518D46 /* Sources */,
				BDF7FF042CC4E86700518D46 /* Frameworks */,
				BDF7FF052CC4E86700518D46 /* Resources */,
			);
			buildRules = (
			);
			dependencies = (
			);
			fileSystemSynchronizedGroups = (
				BDF7FF092CC4E86700518D46 /* Tajanb */,
			);
			name = Tajanb;
			packageProductDependencies = (
				94052BF62CD753AE006D2E15 /* FirebaseCore */,
				94052BF82CD753AE006D2E15 /* FirebaseDatabase */,
				94052BFA2CD753AE006D2E15 /* FirebaseFirestore */,
				94052BFC2CD753AE006D2E15 /* FirebaseFirestoreCombine-Community */,
				94052BFE2CD753AE006D2E15 /* FirebaseFunctions */,
				94052C002CD753AE006D2E15 /* FirebaseStorage */,
				94052C022CD753AE006D2E15 /* FirebaseStorageCombine-Community */,
			);
			productName = Tajanb;
			productReference = BDF7FF072CC4E86700518D46 /* Tajanb.app */;
			productType = "com.apple.product-type.application";
		};
		BDF7FF1A2CC4E86900518D46 /* TajanbTests */ = {
			isa = PBXNativeTarget;
			buildConfigurationList = BDF7FF332CC4E86900518D46 /* Build configuration list for PBXNativeTarget "TajanbTests" */;
			buildPhases = (
				BDF7FF172CC4E86900518D46 /* Sources */,
				BDF7FF182CC4E86900518D46 /* Frameworks */,
				BDF7FF192CC4E86900518D46 /* Resources */,
			);
			buildRules = (
			);
			dependencies = (
				BDF7FF1D2CC4E86900518D46 /* PBXTargetDependency */,
			);
			fileSystemSynchronizedGroups = (
				BDF7FF1E2CC4E86900518D46 /* TajanbTests */,
			);
			name = TajanbTests;
			packageProductDependencies = (
			);
			productName = TajanbTests;
			productReference = BDF7FF1B2CC4E86900518D46 /* TajanbTests.xctest */;
			productType = "com.apple.product-type.bundle.unit-test";
		};
		BDF7FF242CC4E86900518D46 /* TajanbUITests */ = {
			isa = PBXNativeTarget;
			buildConfigurationList = BDF7FF362CC4E86900518D46 /* Build configuration list for PBXNativeTarget "TajanbUITests" */;
			buildPhases = (
				BDF7FF212CC4E86900518D46 /* Sources */,
				BDF7FF222CC4E86900518D46 /* Frameworks */,
				BDF7FF232CC4E86900518D46 /* Resources */,
			);
			buildRules = (
			);
			dependencies = (
				BDF7FF272CC4E86900518D46 /* PBXTargetDependency */,
			);
			fileSystemSynchronizedGroups = (
				BDF7FF282CC4E86900518D46 /* TajanbUITests */,
			);
			name = TajanbUITests;
			packageProductDependencies = (
			);
			productName = TajanbUITests;
			productReference = BDF7FF252CC4E86900518D46 /* TajanbUITests.xctest */;
			productType = "com.apple.product-type.bundle.ui-testing";
		};
/* End PBXNativeTarget section */

/* Begin PBXProject section */
		BDF7FEFF2CC4E86700518D46 /* Project object */ = {
			isa = PBXProject;
			attributes = {
				BuildIndependentTargetsInParallel = 1;
				LastSwiftUpdateCheck = 1600;
				LastUpgradeCheck = 1600;
				TargetAttributes = {
					BDF7FF062CC4E86700518D46 = {
						CreatedOnToolsVersion = 16.0;
					};
					BDF7FF1A2CC4E86900518D46 = {
						CreatedOnToolsVersion = 16.0;
						TestTargetID = BDF7FF062CC4E86700518D46;
					};
					BDF7FF242CC4E86900518D46 = {
						CreatedOnToolsVersion = 16.0;
						TestTargetID = BDF7FF062CC4E86700518D46;
					};
				};
			};
			buildConfigurationList = BDF7FF022CC4E86700518D46 /* Build configuration list for PBXProject "Tajanb" */;
			developmentRegion = en;
			hasScannedForEncodings = 0;
			knownRegions = (
				Base,
				en,
			);
			mainGroup = BDF7FEFE2CC4E86700518D46;
			minimizedProjectReferenceProxies = 1;
			packageReferences = (
				94052BF52CD753AE006D2E15 /* XCRemoteSwiftPackageReference "firebase-ios-sdk" */,
			);
			preferredProjectObjectVersion = 77;
			productRefGroup = BDF7FF082CC4E86700518D46 /* Products */;
			projectDirPath = "";
			projectRoot = "";
			targets = (
				BDF7FF062CC4E86700518D46 /* Tajanb */,
				BDF7FF1A2CC4E86900518D46 /* TajanbTests */,
				BDF7FF242CC4E86900518D46 /* TajanbUITests */,
			);
		};
/* End PBXProject section */

/* Begin PBXResourcesBuildPhase section */
		BDF7FF052CC4E86700518D46 /* Resources */ = {
			isa = PBXResourcesBuildPhase;
			buildActionMask = 2147483647;
			files = (
				94052BF42CD75355006D2E15 /* GoogleService-Info.plist in Resources */,
				944AA2962CCC39DB00957CDC /* Localizable.xcstrings in Resources */,
			);
			runOnlyForDeploymentPostprocessing = 0;
		};
		BDF7FF192CC4E86900518D46 /* Resources */ = {
			isa = PBXResourcesBuildPhase;
			buildActionMask = 2147483647;
			files = (
			);
			runOnlyForDeploymentPostprocessing = 0;
		};
		BDF7FF232CC4E86900518D46 /* Resources */ = {
			isa = PBXResourcesBuildPhase;
			buildActionMask = 2147483647;
			files = (
			);
			runOnlyForDeploymentPostprocessing = 0;
		};
/* End PBXResourcesBuildPhase section */

/* Begin PBXSourcesBuildPhase section */
		BDF7FF032CC4E86700518D46 /* Sources */ = {
			isa = PBXSourcesBuildPhase;
			buildActionMask = 2147483647;
			files = (
			);
			runOnlyForDeploymentPostprocessing = 0;
		};
		BDF7FF172CC4E86900518D46 /* Sources */ = {
			isa = PBXSourcesBuildPhase;
			buildActionMask = 2147483647;
			files = (
			);
			runOnlyForDeploymentPostprocessing = 0;
		};
		BDF7FF212CC4E86900518D46 /* Sources */ = {
			isa = PBXSourcesBuildPhase;
			buildActionMask = 2147483647;
			files = (
			);
			runOnlyForDeploymentPostprocessing = 0;
		};
/* End PBXSourcesBuildPhase section */

/* Begin PBXTargetDependency section */
		BDF7FF1D2CC4E86900518D46 /* PBXTargetDependency */ = {
			isa = PBXTargetDependency;
			target = BDF7FF062CC4E86700518D46 /* Tajanb */;
			targetProxy = BDF7FF1C2CC4E86900518D46 /* PBXContainerItemProxy */;
		};
		BDF7FF272CC4E86900518D46 /* PBXTargetDependency */ = {
			isa = PBXTargetDependency;
			target = BDF7FF062CC4E86700518D46 /* Tajanb */;
			targetProxy = BDF7FF262CC4E86900518D46 /* PBXContainerItemProxy */;
		};
/* End PBXTargetDependency section */

/* Begin XCBuildConfiguration section */
		BDF7FF2F2CC4E86900518D46 /* Debug */ = {
			isa = XCBuildConfiguration;
			buildSettings = {
				ASSETCATALOG_COMPILER_APPICON_NAME = AppIcon;
				ASSETCATALOG_COMPILER_GLOBAL_ACCENT_COLOR_NAME = AccentColor;
				CODE_SIGN_ENTITLEMENTS = Tajanb/Tajanb.entitlements;
				CODE_SIGN_STYLE = Automatic;
				CURRENT_PROJECT_VERSION = 1;
				DEVELOPMENT_ASSET_PATHS = "\"Tajanb/Preview Content\"";
				DEVELOPMENT_TEAM = 9747TG58T9;
				ENABLE_PREVIEWS = YES;
				GENERATE_INFOPLIST_FILE = YES;
				INFOPLIST_FILE = Tajanb/Info.plist;
				INFOPLIST_KEY_NSCameraUsageDescription = "This app uses the camera to scan and recognize text from ingredients for allergen detection purposes\n";
				INFOPLIST_KEY_NSPhotoLibraryUsageDescription = "We need access to your photos to allow you to select images for text recognition.";
				INFOPLIST_KEY_UIApplicationSceneManifest_Generation = YES;
				INFOPLIST_KEY_UIApplicationSupportsIndirectInputEvents = YES;
				INFOPLIST_KEY_UILaunchScreen_Generation = YES;
				INFOPLIST_KEY_UISupportedInterfaceOrientations = UIInterfaceOrientationPortrait;
				INFOPLIST_KEY_UISupportedInterfaceOrientations_iPad = "UIInterfaceOrientationLandscapeLeft UIInterfaceOrientationLandscapeRight UIInterfaceOrientationPortrait UIInterfaceOrientationPortraitUpsideDown";
				LD_RUNPATH_SEARCH_PATHS = (
					"$(inherited)",
					"@executable_path/Frameworks",
				);
				MARKETING_VERSION = 1.0;
				PRODUCT_BUNDLE_IDENTIFIER = Tajanb1;
				PRODUCT_NAME = "$(TARGET_NAME)";
				SUPPORTED_PLATFORMS = "iphoneos iphonesimulator";
				SUPPORTS_MACCATALYST = NO;
				SUPPORTS_MAC_DESIGNED_FOR_IPHONE_IPAD = NO;
				SUPPORTS_XR_DESIGNED_FOR_IPHONE_IPAD = NO;
				SWIFT_EMIT_LOC_STRINGS = YES;
				SWIFT_VERSION = 5.0;
				TARGETED_DEVICE_FAMILY = 1;
			};
			name = Debug;
		};
		BDF7FF302CC4E86900518D46 /* Release */ = {
			isa = XCBuildConfiguration;
			buildSettings = {
				ASSETCATALOG_COMPILER_APPICON_NAME = AppIcon;
				ASSETCATALOG_COMPILER_GLOBAL_ACCENT_COLOR_NAME = AccentColor;
				CODE_SIGN_ENTITLEMENTS = Tajanb/Tajanb.entitlements;
				CODE_SIGN_STYLE = Automatic;
				CURRENT_PROJECT_VERSION = 1;
				DEVELOPMENT_ASSET_PATHS = "\"Tajanb/Preview Content\"";
				DEVELOPMENT_TEAM = 9747TG58T9;
				ENABLE_PREVIEWS = YES;
				GENERATE_INFOPLIST_FILE = YES;
				INFOPLIST_FILE = Tajanb/Info.plist;
				INFOPLIST_KEY_NSCameraUsageDescription = "This app uses the camera to scan and recognize text from ingredients for allergen detection purposes\n";
				INFOPLIST_KEY_NSPhotoLibraryUsageDescription = "We need access to your photos to allow you to select images for text recognition.";
				INFOPLIST_KEY_UIApplicationSceneManifest_Generation = YES;
				INFOPLIST_KEY_UIApplicationSupportsIndirectInputEvents = YES;
				INFOPLIST_KEY_UILaunchScreen_Generation = YES;
				INFOPLIST_KEY_UISupportedInterfaceOrientations = UIInterfaceOrientationPortrait;
				INFOPLIST_KEY_UISupportedInterfaceOrientations_iPad = "UIInterfaceOrientationLandscapeLeft UIInterfaceOrientationLandscapeRight UIInterfaceOrientationPortrait UIInterfaceOrientationPortraitUpsideDown";
				LD_RUNPATH_SEARCH_PATHS = (
					"$(inherited)",
					"@executable_path/Frameworks",
				);
				MARKETING_VERSION = 1.0;
				PRODUCT_BUNDLE_IDENTIFIER = Tajanb1;
				PRODUCT_NAME = "$(TARGET_NAME)";
				SUPPORTED_PLATFORMS = "iphoneos iphonesimulator";
				SUPPORTS_MACCATALYST = NO;
				SUPPORTS_MAC_DESIGNED_FOR_IPHONE_IPAD = NO;
				SUPPORTS_XR_DESIGNED_FOR_IPHONE_IPAD = NO;
				SWIFT_EMIT_LOC_STRINGS = YES;
				SWIFT_VERSION = 5.0;
				TARGETED_DEVICE_FAMILY = 1;
			};
			name = Release;
		};
		BDF7FF312CC4E86900518D46 /* Debug */ = {
			isa = XCBuildConfiguration;
			buildSettings = {
				ALWAYS_SEARCH_USER_PATHS = NO;
				ASSETCATALOG_COMPILER_GENERATE_SWIFT_ASSET_SYMBOL_EXTENSIONS = YES;
				CLANG_ANALYZER_NONNULL = YES;
				CLANG_ANALYZER_NUMBER_OBJECT_CONVERSION = YES_AGGRESSIVE;
				CLANG_CXX_LANGUAGE_STANDARD = "gnu++20";
				CLANG_ENABLE_MODULES = YES;
				CLANG_ENABLE_OBJC_ARC = YES;
				CLANG_ENABLE_OBJC_WEAK = YES;
				CLANG_WARN_BLOCK_CAPTURE_AUTORELEASING = YES;
				CLANG_WARN_BOOL_CONVERSION = YES;
				CLANG_WARN_COMMA = YES;
				CLANG_WARN_CONSTANT_CONVERSION = YES;
				CLANG_WARN_DEPRECATED_OBJC_IMPLEMENTATIONS = YES;
				CLANG_WARN_DIRECT_OBJC_ISA_USAGE = YES_ERROR;
				CLANG_WARN_DOCUMENTATION_COMMENTS = YES;
				CLANG_WARN_EMPTY_BODY = YES;
				CLANG_WARN_ENUM_CONVERSION = YES;
				CLANG_WARN_INFINITE_RECURSION = YES;
				CLANG_WARN_INT_CONVERSION = YES;
				CLANG_WARN_NON_LITERAL_NULL_CONVERSION = YES;
				CLANG_WARN_OBJC_IMPLICIT_RETAIN_SELF = YES;
				CLANG_WARN_OBJC_LITERAL_CONVERSION = YES;
				CLANG_WARN_OBJC_ROOT_CLASS = YES_ERROR;
				CLANG_WARN_QUOTED_INCLUDE_IN_FRAMEWORK_HEADER = YES;
				CLANG_WARN_RANGE_LOOP_ANALYSIS = YES;
				CLANG_WARN_STRICT_PROTOTYPES = YES;
				CLANG_WARN_SUSPICIOUS_MOVE = YES;
				CLANG_WARN_UNGUARDED_AVAILABILITY = YES_AGGRESSIVE;
				CLANG_WARN_UNREACHABLE_CODE = YES;
				CLANG_WARN__DUPLICATE_METHOD_MATCH = YES;
				COPY_PHASE_STRIP = NO;
				DEBUG_INFORMATION_FORMAT = dwarf;
				ENABLE_STRICT_OBJC_MSGSEND = YES;
				ENABLE_TESTABILITY = YES;
				ENABLE_USER_SCRIPT_SANDBOXING = YES;
				GCC_C_LANGUAGE_STANDARD = gnu17;
				GCC_DYNAMIC_NO_PIC = NO;
				GCC_NO_COMMON_BLOCKS = YES;
				GCC_OPTIMIZATION_LEVEL = 0;
				GCC_PREPROCESSOR_DEFINITIONS = (
					"DEBUG=1",
					"$(inherited)",
				);
				GCC_WARN_64_TO_32_BIT_CONVERSION = YES;
				GCC_WARN_ABOUT_RETURN_TYPE = YES_ERROR;
				GCC_WARN_UNDECLARED_SELECTOR = YES;
				GCC_WARN_UNINITIALIZED_AUTOS = YES_AGGRESSIVE;
				GCC_WARN_UNUSED_FUNCTION = YES;
				GCC_WARN_UNUSED_VARIABLE = YES;
				IPHONEOS_DEPLOYMENT_TARGET = 18.0;
				LOCALIZATION_PREFERS_STRING_CATALOGS = YES;
				MTL_ENABLE_DEBUG_INFO = INCLUDE_SOURCE;
				MTL_FAST_MATH = YES;
				ONLY_ACTIVE_ARCH = YES;
				SDKROOT = iphoneos;
				SWIFT_ACTIVE_COMPILATION_CONDITIONS = "DEBUG $(inherited)";
				SWIFT_EMIT_LOC_STRINGS = YES;
				SWIFT_OPTIMIZATION_LEVEL = "-Onone";
			};
			name = Debug;
		};
		BDF7FF322CC4E86900518D46 /* Release */ = {
			isa = XCBuildConfiguration;
			buildSettings = {
				ALWAYS_SEARCH_USER_PATHS = NO;
				ASSETCATALOG_COMPILER_GENERATE_SWIFT_ASSET_SYMBOL_EXTENSIONS = YES;
				CLANG_ANALYZER_NONNULL = YES;
				CLANG_ANALYZER_NUMBER_OBJECT_CONVERSION = YES_AGGRESSIVE;
				CLANG_CXX_LANGUAGE_STANDARD = "gnu++20";
				CLANG_ENABLE_MODULES = YES;
				CLANG_ENABLE_OBJC_ARC = YES;
				CLANG_ENABLE_OBJC_WEAK = YES;
				CLANG_WARN_BLOCK_CAPTURE_AUTORELEASING = YES;
				CLANG_WARN_BOOL_CONVERSION = YES;
				CLANG_WARN_COMMA = YES;
				CLANG_WARN_CONSTANT_CONVERSION = YES;
				CLANG_WARN_DEPRECATED_OBJC_IMPLEMENTATIONS = YES;
				CLANG_WARN_DIRECT_OBJC_ISA_USAGE = YES_ERROR;
				CLANG_WARN_DOCUMENTATION_COMMENTS = YES;
				CLANG_WARN_EMPTY_BODY = YES;
				CLANG_WARN_ENUM_CONVERSION = YES;
				CLANG_WARN_INFINITE_RECURSION = YES;
				CLANG_WARN_INT_CONVERSION = YES;
				CLANG_WARN_NON_LITERAL_NULL_CONVERSION = YES;
				CLANG_WARN_OBJC_IMPLICIT_RETAIN_SELF = YES;
				CLANG_WARN_OBJC_LITERAL_CONVERSION = YES;
				CLANG_WARN_OBJC_ROOT_CLASS = YES_ERROR;
				CLANG_WARN_QUOTED_INCLUDE_IN_FRAMEWORK_HEADER = YES;
				CLANG_WARN_RANGE_LOOP_ANALYSIS = YES;
				CLANG_WARN_STRICT_PROTOTYPES = YES;
				CLANG_WARN_SUSPICIOUS_MOVE = YES;
				CLANG_WARN_UNGUARDED_AVAILABILITY = YES_AGGRESSIVE;
				CLANG_WARN_UNREACHABLE_CODE = YES;
				CLANG_WARN__DUPLICATE_METHOD_MATCH = YES;
				COPY_PHASE_STRIP = NO;
				DEBUG_INFORMATION_FORMAT = "dwarf-with-dsym";
				ENABLE_NS_ASSERTIONS = NO;
				ENABLE_STRICT_OBJC_MSGSEND = YES;
				ENABLE_USER_SCRIPT_SANDBOXING = YES;
				GCC_C_LANGUAGE_STANDARD = gnu17;
				GCC_NO_COMMON_BLOCKS = YES;
				GCC_WARN_64_TO_32_BIT_CONVERSION = YES;
				GCC_WARN_ABOUT_RETURN_TYPE = YES_ERROR;
				GCC_WARN_UNDECLARED_SELECTOR = YES;
				GCC_WARN_UNINITIALIZED_AUTOS = YES_AGGRESSIVE;
				GCC_WARN_UNUSED_FUNCTION = YES;
				GCC_WARN_UNUSED_VARIABLE = YES;
				IPHONEOS_DEPLOYMENT_TARGET = 18.0;
				LOCALIZATION_PREFERS_STRING_CATALOGS = YES;
				MTL_ENABLE_DEBUG_INFO = NO;
				MTL_FAST_MATH = YES;
				SDKROOT = iphoneos;
				SWIFT_COMPILATION_MODE = wholemodule;
				SWIFT_EMIT_LOC_STRINGS = YES;
				VALIDATE_PRODUCT = YES;
			};
			name = Release;
		};
		BDF7FF342CC4E86900518D46 /* Debug */ = {
			isa = XCBuildConfiguration;
			buildSettings = {
				BUNDLE_LOADER = "$(TEST_HOST)";
				CODE_SIGN_STYLE = Automatic;
				CURRENT_PROJECT_VERSION = 1;
				DEVELOPMENT_TEAM = 9747TG58T9;
				GENERATE_INFOPLIST_FILE = YES;
				IPHONEOS_DEPLOYMENT_TARGET = 18.0;
				MARKETING_VERSION = 1.0;
				PRODUCT_BUNDLE_IDENTIFIER = Alanoud.TajanbTests;
				PRODUCT_NAME = "$(TARGET_NAME)";
				SWIFT_EMIT_LOC_STRINGS = NO;
				SWIFT_VERSION = 5.0;
				TARGETED_DEVICE_FAMILY = "1,2";
				TEST_HOST = "$(BUILT_PRODUCTS_DIR)/Tajanb.app/$(BUNDLE_EXECUTABLE_FOLDER_PATH)/Tajanb";
			};
			name = Debug;
		};
		BDF7FF352CC4E86900518D46 /* Release */ = {
			isa = XCBuildConfiguration;
			buildSettings = {
				BUNDLE_LOADER = "$(TEST_HOST)";
				CODE_SIGN_STYLE = Automatic;
				CURRENT_PROJECT_VERSION = 1;
				DEVELOPMENT_TEAM = 9747TG58T9;
				GENERATE_INFOPLIST_FILE = YES;
				IPHONEOS_DEPLOYMENT_TARGET = 18.0;
				MARKETING_VERSION = 1.0;
				PRODUCT_BUNDLE_IDENTIFIER = Alanoud.TajanbTests;
				PRODUCT_NAME = "$(TARGET_NAME)";
				SWIFT_EMIT_LOC_STRINGS = NO;
				SWIFT_VERSION = 5.0;
				TARGETED_DEVICE_FAMILY = "1,2";
				TEST_HOST = "$(BUILT_PRODUCTS_DIR)/Tajanb.app/$(BUNDLE_EXECUTABLE_FOLDER_PATH)/Tajanb";
			};
			name = Release;
		};
		BDF7FF372CC4E86900518D46 /* Debug */ = {
			isa = XCBuildConfiguration;
			buildSettings = {
				CODE_SIGN_STYLE = Automatic;
				CURRENT_PROJECT_VERSION = 1;
				DEVELOPMENT_TEAM = 9747TG58T9;
				GENERATE_INFOPLIST_FILE = YES;
				MARKETING_VERSION = 1.0;
				PRODUCT_BUNDLE_IDENTIFIER = Alanoud.TajanbUITests;
				PRODUCT_NAME = "$(TARGET_NAME)";
				SWIFT_EMIT_LOC_STRINGS = NO;
				SWIFT_VERSION = 5.0;
				TARGETED_DEVICE_FAMILY = "1,2";
				TEST_TARGET_NAME = Tajanb;
			};
			name = Debug;
		};
		BDF7FF382CC4E86900518D46 /* Release */ = {
			isa = XCBuildConfiguration;
			buildSettings = {
				CODE_SIGN_STYLE = Automatic;
				CURRENT_PROJECT_VERSION = 1;
				DEVELOPMENT_TEAM = 9747TG58T9;
				GENERATE_INFOPLIST_FILE = YES;
				MARKETING_VERSION = 1.0;
				PRODUCT_BUNDLE_IDENTIFIER = Alanoud.TajanbUITests;
				PRODUCT_NAME = "$(TARGET_NAME)";
				SWIFT_EMIT_LOC_STRINGS = NO;
				SWIFT_VERSION = 5.0;
				TARGETED_DEVICE_FAMILY = "1,2";
				TEST_TARGET_NAME = Tajanb;
			};
			name = Release;
		};
/* End XCBuildConfiguration section */

/* Begin XCConfigurationList section */
		BDF7FF022CC4E86700518D46 /* Build configuration list for PBXProject "Tajanb" */ = {
			isa = XCConfigurationList;
			buildConfigurations = (
				BDF7FF312CC4E86900518D46 /* Debug */,
				BDF7FF322CC4E86900518D46 /* Release */,
			);
			defaultConfigurationIsVisible = 0;
			defaultConfigurationName = Release;
		};
		BDF7FF2E2CC4E86900518D46 /* Build configuration list for PBXNativeTarget "Tajanb" */ = {
			isa = XCConfigurationList;
			buildConfigurations = (
				BDF7FF2F2CC4E86900518D46 /* Debug */,
				BDF7FF302CC4E86900518D46 /* Release */,
			);
			defaultConfigurationIsVisible = 0;
			defaultConfigurationName = Release;
		};
		BDF7FF332CC4E86900518D46 /* Build configuration list for PBXNativeTarget "TajanbTests" */ = {
			isa = XCConfigurationList;
			buildConfigurations = (
				BDF7FF342CC4E86900518D46 /* Debug */,
				BDF7FF352CC4E86900518D46 /* Release */,
			);
			defaultConfigurationIsVisible = 0;
			defaultConfigurationName = Release;
		};
		BDF7FF362CC4E86900518D46 /* Build configuration list for PBXNativeTarget "TajanbUITests" */ = {
			isa = XCConfigurationList;
			buildConfigurations = (
				BDF7FF372CC4E86900518D46 /* Debug */,
				BDF7FF382CC4E86900518D46 /* Release */,
			);
			defaultConfigurationIsVisible = 0;
			defaultConfigurationName = Release;
		};
/* End XCConfigurationList section */

/* Begin XCRemoteSwiftPackageReference section */
		94052BF52CD753AE006D2E15 /* XCRemoteSwiftPackageReference "firebase-ios-sdk" */ = {
			isa = XCRemoteSwiftPackageReference;
			repositoryURL = "https://github.com/firebase/firebase-ios-sdk";
			requirement = {
				kind = upToNextMajorVersion;
				minimumVersion = 11.4.0;
			};
		};
/* End XCRemoteSwiftPackageReference section */

/* Begin XCSwiftPackageProductDependency section */
		94052BF62CD753AE006D2E15 /* FirebaseCore */ = {
			isa = XCSwiftPackageProductDependency;
			package = 94052BF52CD753AE006D2E15 /* XCRemoteSwiftPackageReference "firebase-ios-sdk" */;
			productName = FirebaseCore;
		};
		94052BF82CD753AE006D2E15 /* FirebaseDatabase */ = {
			isa = XCSwiftPackageProductDependency;
			package = 94052BF52CD753AE006D2E15 /* XCRemoteSwiftPackageReference "firebase-ios-sdk" */;
			productName = FirebaseDatabase;
		};
		94052BFA2CD753AE006D2E15 /* FirebaseFirestore */ = {
			isa = XCSwiftPackageProductDependency;
			package = 94052BF52CD753AE006D2E15 /* XCRemoteSwiftPackageReference "firebase-ios-sdk" */;
			productName = FirebaseFirestore;
		};
		94052BFC2CD753AE006D2E15 /* FirebaseFirestoreCombine-Community */ = {
			isa = XCSwiftPackageProductDependency;
			package = 94052BF52CD753AE006D2E15 /* XCRemoteSwiftPackageReference "firebase-ios-sdk" */;
			productName = "FirebaseFirestoreCombine-Community";
		};
		94052BFE2CD753AE006D2E15 /* FirebaseFunctions */ = {
			isa = XCSwiftPackageProductDependency;
			package = 94052BF52CD753AE006D2E15 /* XCRemoteSwiftPackageReference "firebase-ios-sdk" */;
			productName = FirebaseFunctions;
		};
		94052C002CD753AE006D2E15 /* FirebaseStorage */ = {
			isa = XCSwiftPackageProductDependency;
			package = 94052BF52CD753AE006D2E15 /* XCRemoteSwiftPackageReference "firebase-ios-sdk" */;
			productName = FirebaseStorage;
		};
		94052C022CD753AE006D2E15 /* FirebaseStorageCombine-Community */ = {
			isa = XCSwiftPackageProductDependency;
			package = 94052BF52CD753AE006D2E15 /* XCRemoteSwiftPackageReference "firebase-ios-sdk" */;
			productName = "FirebaseStorageCombine-Community";
		};
/* End XCSwiftPackageProductDependency section */
	};
	rootObject = BDF7FEFF2CC4E86700518D46 /* Project object */;
}
